
Microsoft Visual Studio Solution File, Format Version 12.00
# Visual Studio Version 17
VisualStudioVersion = 17.8.34330.188
MinimumVisualStudioVersion = 10.0.40219.1
Project("{9A19103F-16F7-4668-BE54-9A1E7A4F7556}") = "ECommerceServerless", "ECommerceServerless\src\ECommerceServerless\ECommerceServerless.csproj", "{4FED897F-E38E-48C6-AA09-65386423F01F}"
EndProject
Project("{2150E333-8FDC-42A3-9474-1A3956D46DE8}") = "src", "src", "{4C2366AA-5CA5-4DC5-AA0A-B42A843BFF91}"
EndProject
Project("{9A19103F-16F7-4668-BE54-9A1E7A4F7556}") = "ApproveOrderLambda", "ECommerceServerless\src\ApproveOrderLambda\src\ApproveOrderLambda\ApproveOrderLambda.csproj", "{1FD44A35-91D2-43FB-844D-F5591A4DB015}"
EndProject
Project("{9A19103F-16F7-4668-BE54-9A1E7A4F7556}") = "ApproveOrderLambda.Tests", "ECommerceServerless\src\ApproveOrderLambda\test\ApproveOrderLambda.Tests\ApproveOrderLambda.Tests.csproj", "{39C3F987-BEE8-47FC-B5FB-C4F0D8F2399B}"
EndProject
Project("{2150E333-8FDC-42A3-9474-1A3956D46DE8}") = "tests", "tests", "{0045779C-E511-4258-9AAE-20461320BDD1}"
EndProject
Global
	GlobalSection(SolutionConfigurationPlatforms) = preSolution
		Debug|Any CPU = Debug|Any CPU
		Release|Any CPU = Release|Any CPU
	EndGlobalSection
	GlobalSection(ProjectConfigurationPlatforms) = postSolution
		{4FED897F-E38E-48C6-AA09-65386423F01F}.Debug|Any CPU.ActiveCfg = Debug|Any CPU
		{4FED897F-E38E-48C6-AA09-65386423F01F}.Debug|Any CPU.Build.0 = Debug|Any CPU
		{4FED897F-E38E-48C6-AA09-65386423F01F}.Release|Any CPU.ActiveCfg = Release|Any CPU
		{4FED897F-E38E-48C6-AA09-65386423F01F}.Release|Any CPU.Build.0 = Release|Any CPU
		{1FD44A35-91D2-43FB-844D-F5591A4DB015}.Debug|Any CPU.ActiveCfg = Debug|Any CPU
		{1FD44A35-91D2-43FB-844D-F5591A4DB015}.Debug|Any CPU.Build.0 = Debug|Any CPU
		{1FD44A35-91D2-43FB-844D-F5591A4DB015}.Release|Any CPU.ActiveCfg = Release|Any CPU
		{1FD44A35-91D2-43FB-844D-F5591A4DB015}.Release|Any CPU.Build.0 = Release|Any CPU
		{39C3F987-BEE8-47FC-B5FB-C4F0D8F2399B}.Debug|Any CPU.ActiveCfg = Debug|Any CPU
		{39C3F987-BEE8-47FC-B5FB-C4F0D8F2399B}.Debug|Any CPU.Build.0 = Debug|Any CPU
		{39C3F987-BEE8-47FC-B5FB-C4F0D8F2399B}.Release|Any CPU.ActiveCfg = Release|Any CPU
		{39C3F987-BEE8-47FC-B5FB-C4F0D8F2399B}.Release|Any CPU.Build.0 = Release|Any CPU
	EndGlobalSection
	GlobalSection(SolutionProperties) = preSolution
		HideSolutionNode = FALSE
	EndGlobalSection
	GlobalSection(NestedProjects) = preSolution
		{4FED897F-E38E-48C6-AA09-65386423F01F} = {4C2366AA-5CA5-4DC5-AA0A-B42A843BFF91}
		{1FD44A35-91D2-43FB-844D-F5591A4DB015} = {4C2366AA-5CA5-4DC5-AA0A-B42A843BFF91}
		{39C3F987-BEE8-47FC-B5FB-C4F0D8F2399B} = {0045779C-E511-4258-9AAE-20461320BDD1}
	EndGlobalSection
	GlobalSection(ExtensibilityGlobals) = postSolution
		SolutionGuid = {741767B0-545E-463A-B81B-EAF0FB224FEE}
	EndGlobalSection
EndGlobal
